
Microsoft Visual Studio Solution File, Format Version 12.00
# Visual Studio Version 17
VisualStudioVersion = 17.3.32901.215
MinimumVisualStudioVersion = 10.0.40219.1
Project("{888888A0-9F3D-457C-B088-3A5042F75D52}") = "app5", "app5.pyproj", "{DC5CFFB6-3322-4032-A63D-AFEE91BFD438}"
EndProject
Global
	GlobalSection(SolutionConfigurationPlatforms) = preSolution
		Debug|Any CPU = Debug|Any CPU
		Release|Any CPU = Release|Any CPU
	EndGlobalSection
	GlobalSection(ProjectConfigurationPlatforms) = postSolution
		{DC5CFFB6-3322-4032-A63D-AFEE91BFD438}.Debug|Any CPU.ActiveCfg = Debug|Any CPU
		{DC5CFFB6-3322-4032-A63D-AFEE91BFD438}.Release|Any CPU.ActiveCfg = Release|Any CPU
	EndGlobalSection
	GlobalSection(SolutionProperties) = preSolution
		HideSolutionNode = FALSE
	EndGlobalSection
	GlobalSection(ExtensibilityGlobals) = postSolution
		SolutionGuid = {BCE7EC62-8332-4742-8EE4-3212F70262CE}
	EndGlobalSection
EndGlobal
