
Microsoft Visual Studio Solution File, Format Version 12.00
# Visual Studio Version 17
VisualStudioVersion = 17.3.32901.215
MinimumVisualStudioVersion = 10.0.40219.1
Project("{888888A0-9F3D-457C-B088-3A5042F75D52}") = "App3", "App3.pyproj", "{61EE5A9A-269B-409F-A931-E3AB66FCED5D}"
EndProject
Global
	GlobalSection(SolutionConfigurationPlatforms) = preSolution
		Debug|Any CPU = Debug|Any CPU
		Release|Any CPU = Release|Any CPU
	EndGlobalSection
	GlobalSection(ProjectConfigurationPlatforms) = postSolution
		{61EE5A9A-269B-409F-A931-E3AB66FCED5D}.Debug|Any CPU.ActiveCfg = Debug|Any CPU
		{61EE5A9A-269B-409F-A931-E3AB66FCED5D}.Release|Any CPU.ActiveCfg = Release|Any CPU
	EndGlobalSection
	GlobalSection(SolutionProperties) = preSolution
		HideSolutionNode = FALSE
	EndGlobalSection
	GlobalSection(ExtensibilityGlobals) = postSolution
		SolutionGuid = {53862516-73DF-411F-B653-C5A7B3407B0A}
	EndGlobalSection
EndGlobal
