
Microsoft Visual Studio Solution File, Format Version 12.00
# Visual Studio Version 17
VisualStudioVersion = 17.3.32901.215
MinimumVisualStudioVersion = 10.0.40219.1
Project("{888888A0-9F3D-457C-B088-3A5042F75D52}") = "App2", "App2.pyproj", "{40818734-88FB-4904-83F3-E4779A0A8453}"
EndProject
Global
	GlobalSection(SolutionConfigurationPlatforms) = preSolution
		Debug|Any CPU = Debug|Any CPU
		Release|Any CPU = Release|Any CPU
	EndGlobalSection
	GlobalSection(ProjectConfigurationPlatforms) = postSolution
		{40818734-88FB-4904-83F3-E4779A0A8453}.Debug|Any CPU.ActiveCfg = Debug|Any CPU
		{40818734-88FB-4904-83F3-E4779A0A8453}.Release|Any CPU.ActiveCfg = Release|Any CPU
	EndGlobalSection
	GlobalSection(SolutionProperties) = preSolution
		HideSolutionNode = FALSE
	EndGlobalSection
	GlobalSection(ExtensibilityGlobals) = postSolution
		SolutionGuid = {2CEE7B51-BE88-4AA9-A08D-EBEABA67A332}
	EndGlobalSection
EndGlobal
